// !$*UTF8*$!
{
	archiveVersion = 1;
	classes = {
	};
	objectVersion = 56;
	objects = {

/* Begin PBXBuildFile section */
		7D47E2232B7C7B48006D70A2 /* LandmarksApp.swift in Sources */ = {isa = PBXBuildFile; fileRef = 7D47E2222B7C7B48006D70A2 /* LandmarksApp.swift */; };
		7D47E2252B7C7B48006D70A2 /* ContentView.swift in Sources */ = {isa = PBXBuildFile; fileRef = 7D47E2242B7C7B48006D70A2 /* ContentView.swift */; };
		7D47E2272B7C7B4A006D70A2 /* Assets.xcassets in Resources */ = {isa = PBXBuildFile; fileRef = 7D47E2262B7C7B4A006D70A2 /* Assets.xcassets */; };
		7D47E22A2B7C7B4A006D70A2 /* Preview Assets.xcassets in Resources */ = {isa = PBXBuildFile; fileRef = 7D47E2292B7C7B4A006D70A2 /* Preview Assets.xcassets */; };
		7D47E2312B7EBF69006D70A2 /* CircleImage.swift in Sources */ = {isa = PBXBuildFile; fileRef = 7D47E2302B7EBF69006D70A2 /* CircleImage.swift */; };
		7D47E2332B7EC2E9006D70A2 /* MapView.swift in Sources */ = {isa = PBXBuildFile; fileRef = 7D47E2322B7EC2E9006D70A2 /* MapView.swift */; };
		7D47E2352B807379006D70A2 /* landmarkData.json in Resources */ = {isa = PBXBuildFile; fileRef = 7D47E2342B807379006D70A2 /* landmarkData.json */; };
		7D47E2372B807786006D70A2 /* Landmark.swift in Sources */ = {isa = PBXBuildFile; fileRef = 7D47E2362B807786006D70A2 /* Landmark.swift */; };
		7D47E2392B807814006D70A2 /* ModelData.swift in Sources */ = {isa = PBXBuildFile; fileRef = 7D47E2382B807814006D70A2 /* ModelData.swift */; };
		7D47E23E2B8081B2006D70A2 /* LandmarkRow.swift in Sources */ = {isa = PBXBuildFile; fileRef = 7D47E23D2B8081B2006D70A2 /* LandmarkRow.swift */; };
		7D47E2402B808411006D70A2 /* LandmarkList.swift in Sources */ = {isa = PBXBuildFile; fileRef = 7D47E23F2B808411006D70A2 /* LandmarkList.swift */; };
		7D47E2422B810C49006D70A2 /* LandmarkDetail.swift in Sources */ = {isa = PBXBuildFile; fileRef = 7D47E2412B810C49006D70A2 /* LandmarkDetail.swift */; };
		7D47E2442B81AB51006D70A2 /* FavoriteButton.swift in Sources */ = {isa = PBXBuildFile; fileRef = 7D47E2432B81AB51006D70A2 /* FavoriteButton.swift */; };
		7D47E2482B81B2F3006D70A2 /* test.swift in Sources */ = {isa = PBXBuildFile; fileRef = 7D47E2472B81B2F3006D70A2 /* test.swift */; };
		7D47E24A2B81B463006D70A2 /* HexagonParameters.swift in Sources */ = {isa = PBXBuildFile; fileRef = 7D47E2492B81B463006D70A2 /* HexagonParameters.swift */; };
		7D47E24C2B81B4FC006D70A2 /* BadgeBackground.swift in Sources */ = {isa = PBXBuildFile; fileRef = 7D47E24B2B81B4FC006D70A2 /* BadgeBackground.swift */; };
		7D47E24E2B81B634006D70A2 /* BadgeSymol.swift in Sources */ = {isa = PBXBuildFile; fileRef = 7D47E24D2B81B634006D70A2 /* BadgeSymol.swift */; };
		7D47E2502B81B683006D70A2 /* RotatedBadgeSymbol.swift in Sources */ = {isa = PBXBuildFile; fileRef = 7D47E24F2B81B683006D70A2 /* RotatedBadgeSymbol.swift */; };
		7D47E2532B81B6B0006D70A2 /* Badge.swift in Sources */ = {isa = PBXBuildFile; fileRef = 7D47E2522B81B6B0006D70A2 /* Badge.swift */; };
		7D47E2562B81B818006D70A2 /* hikeData.json in Resources */ = {isa = PBXBuildFile; fileRef = 7D47E2552B81B818006D70A2 /* hikeData.json */; };
		7D47E2582B81B828006D70A2 /* Hike.swift in Sources */ = {isa = PBXBuildFile; fileRef = 7D47E2572B81B828006D70A2 /* Hike.swift */; };
		7D47E25E2B81B882006D70A2 /* GraphCapsule.swift in Sources */ = {isa = PBXBuildFile; fileRef = 7D47E25A2B81B882006D70A2 /* GraphCapsule.swift */; };
		7D47E25F2B81B882006D70A2 /* HikeGraph.swift in Sources */ = {isa = PBXBuildFile; fileRef = 7D47E25B2B81B882006D70A2 /* HikeGraph.swift */; };
		7D47E2602B81B882006D70A2 /* HikeDetail.swift in Sources */ = {isa = PBXBuildFile; fileRef = 7D47E25C2B81B882006D70A2 /* HikeDetail.swift */; };
		7D47E2612B81B882006D70A2 /* HikeView.swift in Sources */ = {isa = PBXBuildFile; fileRef = 7D47E25D2B81B882006D70A2 /* HikeView.swift */; };
		7D47E2632B81C17E006D70A2 /* CategoryHome.swift in Sources */ = {isa = PBXBuildFile; fileRef = 7D47E2622B81C17E006D70A2 /* CategoryHome.swift */; };
		7D47E2652B81C399006D70A2 /* CategoryRow.swift in Sources */ = {isa = PBXBuildFile; fileRef = 7D47E2642B81C399006D70A2 /* CategoryRow.swift */; };
		7D47E2672B81C469006D70A2 /* CategoryItem.swift in Sources */ = {isa = PBXBuildFile; fileRef = 7D47E2662B81C469006D70A2 /* CategoryItem.swift */; };
		7D47E26A2B81CDC3006D70A2 /* Profile.swift in Sources */ = {isa = PBXBuildFile; fileRef = 7D47E2692B81CDC3006D70A2 /* Profile.swift */; };
		7D47E26C2B81D152006D70A2 /* ProfileHost.swift in Sources */ = {isa = PBXBuildFile; fileRef = 7D47E26B2B81D152006D70A2 /* ProfileHost.swift */; };
		7D47E26F2B81D1C3006D70A2 /* ProfileSummary.swift in Sources */ = {isa = PBXBuildFile; fileRef = 7D47E26E2B81D1C3006D70A2 /* ProfileSummary.swift */; };
		7D47E2712B81D21D006D70A2 /* HikeBadge.swift in Sources */ = {isa = PBXBuildFile; fileRef = 7D47E2702B81D21D006D70A2 /* HikeBadge.swift */; };
		7D47E2732B81D4E7006D70A2 /* ProfileEditor.swift in Sources */ = {isa = PBXBuildFile; fileRef = 7D47E2722B81D4E7006D70A2 /* ProfileEditor.swift */; };
/* End PBXBuildFile section */

/* Begin PBXFileReference section */
		7D47E21F2B7C7B48006D70A2 /* Landmarks.app */ = {isa = PBXFileReference; explicitFileType = wrapper.application; includeInIndex = 0; path = Landmarks.app; sourceTree = BUILT_PRODUCTS_DIR; };
		7D47E2222B7C7B48006D70A2 /* LandmarksApp.swift */ = {isa = PBXFileReference; lastKnownFileType = sourcecode.swift; path = LandmarksApp.swift; sourceTree = "<group>"; };
		7D47E2242B7C7B48006D70A2 /* ContentView.swift */ = {isa = PBXFileReference; lastKnownFileType = sourcecode.swift; path = ContentView.swift; sourceTree = "<group>"; };
		7D47E2262B7C7B4A006D70A2 /* Assets.xcassets */ = {isa = PBXFileReference; lastKnownFileType = folder.assetcatalog; path = Assets.xcassets; sourceTree = "<group>"; };
		7D47E2292B7C7B4A006D70A2 /* Preview Assets.xcassets */ = {isa = PBXFileReference; lastKnownFileType = folder.assetcatalog; path = "Preview Assets.xcassets"; sourceTree = "<group>"; };
		7D47E2302B7EBF69006D70A2 /* CircleImage.swift */ = {isa = PBXFileReference; lastKnownFileType = sourcecode.swift; path = CircleImage.swift; sourceTree = "<group>"; };
		7D47E2322B7EC2E9006D70A2 /* MapView.swift */ = {isa = PBXFileReference; lastKnownFileType = sourcecode.swift; path = MapView.swift; sourceTree = "<group>"; };
		7D47E2342B807379006D70A2 /* landmarkData.json */ = {isa = PBXFileReference; fileEncoding = 4; lastKnownFileType = text.json; path = landmarkData.json; sourceTree = "<group>"; };
		7D47E2362B807786006D70A2 /* Landmark.swift */ = {isa = PBXFileReference; lastKnownFileType = sourcecode.swift; path = Landmark.swift; sourceTree = "<group>"; };
		7D47E2382B807814006D70A2 /* ModelData.swift */ = {isa = PBXFileReference; lastKnownFileType = sourcecode.swift; path = ModelData.swift; sourceTree = "<group>"; };
		7D47E23D2B8081B2006D70A2 /* LandmarkRow.swift */ = {isa = PBXFileReference; lastKnownFileType = sourcecode.swift; path = LandmarkRow.swift; sourceTree = "<group>"; };
		7D47E23F2B808411006D70A2 /* LandmarkList.swift */ = {isa = PBXFileReference; lastKnownFileType = sourcecode.swift; path = LandmarkList.swift; sourceTree = "<group>"; };
		7D47E2412B810C49006D70A2 /* LandmarkDetail.swift */ = {isa = PBXFileReference; lastKnownFileType = sourcecode.swift; path = LandmarkDetail.swift; sourceTree = "<group>"; };
		7D47E2432B81AB51006D70A2 /* FavoriteButton.swift */ = {isa = PBXFileReference; lastKnownFileType = sourcecode.swift; path = FavoriteButton.swift; sourceTree = "<group>"; };
		7D47E2472B81B2F3006D70A2 /* test.swift */ = {isa = PBXFileReference; lastKnownFileType = sourcecode.swift; path = test.swift; sourceTree = "<group>"; };
		7D47E2492B81B463006D70A2 /* HexagonParameters.swift */ = {isa = PBXFileReference; lastKnownFileType = sourcecode.swift; path = HexagonParameters.swift; sourceTree = "<group>"; };
		7D47E24B2B81B4FC006D70A2 /* BadgeBackground.swift */ = {isa = PBXFileReference; lastKnownFileType = sourcecode.swift; path = BadgeBackground.swift; sourceTree = "<group>"; };
		7D47E24D2B81B634006D70A2 /* BadgeSymol.swift */ = {isa = PBXFileReference; lastKnownFileType = sourcecode.swift; path = BadgeSymol.swift; sourceTree = "<group>"; };
		7D47E24F2B81B683006D70A2 /* RotatedBadgeSymbol.swift */ = {isa = PBXFileReference; lastKnownFileType = sourcecode.swift; path = RotatedBadgeSymbol.swift; sourceTree = "<group>"; };
		7D47E2522B81B6B0006D70A2 /* Badge.swift */ = {isa = PBXFileReference; lastKnownFileType = sourcecode.swift; path = Badge.swift; sourceTree = "<group>"; };
		7D47E2552B81B818006D70A2 /* hikeData.json */ = {isa = PBXFileReference; fileEncoding = 4; lastKnownFileType = text.json; path = hikeData.json; sourceTree = "<group>"; };
		7D47E2572B81B828006D70A2 /* Hike.swift */ = {isa = PBXFileReference; lastKnownFileType = sourcecode.swift; path = Hike.swift; sourceTree = "<group>"; };
		7D47E25A2B81B882006D70A2 /* GraphCapsule.swift */ = {isa = PBXFileReference; fileEncoding = 4; lastKnownFileType = sourcecode.swift; path = GraphCapsule.swift; sourceTree = "<group>"; };
		7D47E25B2B81B882006D70A2 /* HikeGraph.swift */ = {isa = PBXFileReference; fileEncoding = 4; lastKnownFileType = sourcecode.swift; path = HikeGraph.swift; sourceTree = "<group>"; };
		7D47E25C2B81B882006D70A2 /* HikeDetail.swift */ = {isa = PBXFileReference; fileEncoding = 4; lastKnownFileType = sourcecode.swift; path = HikeDetail.swift; sourceTree = "<group>"; };
		7D47E25D2B81B882006D70A2 /* HikeView.swift */ = {isa = PBXFileReference; fileEncoding = 4; lastKnownFileType = sourcecode.swift; path = HikeView.swift; sourceTree = "<group>"; };
		7D47E2622B81C17E006D70A2 /* CategoryHome.swift */ = {isa = PBXFileReference; lastKnownFileType = sourcecode.swift; path = CategoryHome.swift; sourceTree = "<group>"; };
		7D47E2642B81C399006D70A2 /* CategoryRow.swift */ = {isa = PBXFileReference; lastKnownFileType = sourcecode.swift; path = CategoryRow.swift; sourceTree = "<group>"; };
		7D47E2662B81C469006D70A2 /* CategoryItem.swift */ = {isa = PBXFileReference; lastKnownFileType = sourcecode.swift; path = CategoryItem.swift; sourceTree = "<group>"; };
		7D47E2692B81CDC3006D70A2 /* Profile.swift */ = {isa = PBXFileReference; lastKnownFileType = sourcecode.swift; path = Profile.swift; sourceTree = "<group>"; };
		7D47E26B2B81D152006D70A2 /* ProfileHost.swift */ = {isa = PBXFileReference; lastKnownFileType = sourcecode.swift; path = ProfileHost.swift; sourceTree = "<group>"; };
		7D47E26E2B81D1C3006D70A2 /* ProfileSummary.swift */ = {isa = PBXFileReference; lastKnownFileType = sourcecode.swift; path = ProfileSummary.swift; sourceTree = "<group>"; };
		7D47E2702B81D21D006D70A2 /* HikeBadge.swift */ = {isa = PBXFileReference; lastKnownFileType = sourcecode.swift; path = HikeBadge.swift; sourceTree = "<group>"; };
		7D47E2722B81D4E7006D70A2 /* ProfileEditor.swift */ = {isa = PBXFileReference; lastKnownFileType = sourcecode.swift; path = ProfileEditor.swift; sourceTree = "<group>"; };
/* End PBXFileReference section */

/* Begin PBXFrameworksBuildPhase section */
		7D47E21C2B7C7B48006D70A2 /* Frameworks */ = {
			isa = PBXFrameworksBuildPhase;
			buildActionMask = 2147483647;
			files = (
			);
			runOnlyForDeploymentPostprocessing = 0;
		};
/* End PBXFrameworksBuildPhase section */

/* Begin PBXGroup section */
		7D47E2162B7C7B48006D70A2 = {
			isa = PBXGroup;
			children = (
				7D47E2212B7C7B48006D70A2 /* Landmarks */,
				7D47E2202B7C7B48006D70A2 /* Products */,
			);
			sourceTree = "<group>";
		};
		7D47E2202B7C7B48006D70A2 /* Products */ = {
			isa = PBXGroup;
			children = (
				7D47E21F2B7C7B48006D70A2 /* Landmarks.app */,
			);
			name = Products;
			sourceTree = "<group>";
		};
		7D47E2212B7C7B48006D70A2 /* Landmarks */ = {
			isa = PBXGroup;
			children = (
				7D47E2222B7C7B48006D70A2 /* LandmarksApp.swift */,
				7D47E23A2B807EC9006D70A2 /* Views */,
				7D47E23B2B807ECF006D70A2 /* Model */,
				7D47E2542B81B76A006D70A2 /* Badge */,
				7D47E2592B81B882006D70A2 /* Hikes */,
				7D47E23C2B807ED4006D70A2 /* Resources */,
				7D47E2282B7C7B4A006D70A2 /* Preview Content */,
				7D47E2262B7C7B4A006D70A2 /* Assets.xcassets */,
				7D47E2572B81B828006D70A2 /* Hike.swift */,
			);
			path = Landmarks;
			sourceTree = "<group>";
		};
		7D47E2282B7C7B4A006D70A2 /* Preview Content */ = {
			isa = PBXGroup;
			children = (
				7D47E2292B7C7B4A006D70A2 /* Preview Assets.xcassets */,
			);
			path = "Preview Content";
			sourceTree = "<group>";
		};
		7D47E23A2B807EC9006D70A2 /* Views */ = {
			isa = PBXGroup;
			children = (
				7D47E2242B7C7B48006D70A2 /* ContentView.swift */,
				7D47E2452B81AC67006D70A2 /* Landmarks */,
				7D47E2682B81CD90006D70A2 /* Category */,
				7D47E2462B81AC6D006D70A2 /* Helper */,
				7D47E26D2B81D17E006D70A2 /* Profile */,
			);
			path = Views;
			sourceTree = "<group>";
		};
		7D47E23B2B807ECF006D70A2 /* Model */ = {
			isa = PBXGroup;
			children = (
				7D47E2382B807814006D70A2 /* ModelData.swift */,
				7D47E2362B807786006D70A2 /* Landmark.swift */,
			);
			path = Model;
			sourceTree = "<group>";
		};
		7D47E23C2B807ED4006D70A2 /* Resources */ = {
			isa = PBXGroup;
			children = (
				7D47E2342B807379006D70A2 /* landmarkData.json */,
				7D47E2552B81B818006D70A2 /* hikeData.json */,
				7D47E2472B81B2F3006D70A2 /* test.swift */,
			);
			path = Resources;
			sourceTree = "<group>";
		};
		7D47E2452B81AC67006D70A2 /* Landmarks */ = {
			isa = PBXGroup;
			children = (
				7D47E2412B810C49006D70A2 /* LandmarkDetail.swift */,
				7D47E23D2B8081B2006D70A2 /* LandmarkRow.swift */,
				7D47E23F2B808411006D70A2 /* LandmarkList.swift */,
			);
			path = Landmarks;
			sourceTree = "<group>";
		};
		7D47E2462B81AC6D006D70A2 /* Helper */ = {
			isa = PBXGroup;
			children = (
				7D47E2302B7EBF69006D70A2 /* CircleImage.swift */,
				7D47E2322B7EC2E9006D70A2 /* MapView.swift */,
				7D47E2432B81AB51006D70A2 /* FavoriteButton.swift */,
			);
			path = Helper;
			sourceTree = "<group>";
		};
		7D47E2542B81B76A006D70A2 /* Badge */ = {
			isa = PBXGroup;
			children = (
				7D47E2492B81B463006D70A2 /* HexagonParameters.swift */,
				7D47E24B2B81B4FC006D70A2 /* BadgeBackground.swift */,
				7D47E24D2B81B634006D70A2 /* BadgeSymol.swift */,
				7D47E24F2B81B683006D70A2 /* RotatedBadgeSymbol.swift */,
				7D47E2522B81B6B0006D70A2 /* Badge.swift */,
			);
			path = Badge;
			sourceTree = "<group>";
		};
		7D47E2592B81B882006D70A2 /* Hikes */ = {
			isa = PBXGroup;
			children = (
				7D47E25A2B81B882006D70A2 /* GraphCapsule.swift */,
				7D47E25B2B81B882006D70A2 /* HikeGraph.swift */,
				7D47E25C2B81B882006D70A2 /* HikeDetail.swift */,
				7D47E25D2B81B882006D70A2 /* HikeView.swift */,
				7D47E2702B81D21D006D70A2 /* HikeBadge.swift */,
			);
			path = Hikes;
			sourceTree = "<group>";
		};
		7D47E2682B81CD90006D70A2 /* Category */ = {
			isa = PBXGroup;
			children = (
				7D47E2622B81C17E006D70A2 /* CategoryHome.swift */,
				7D47E2642B81C399006D70A2 /* CategoryRow.swift */,
				7D47E2662B81C469006D70A2 /* CategoryItem.swift */,
			);
			path = Category;
			sourceTree = "<group>";
		};
		7D47E26D2B81D17E006D70A2 /* Profile */ = {
			isa = PBXGroup;
			children = (
				7D47E2692B81CDC3006D70A2 /* Profile.swift */,
				7D47E26B2B81D152006D70A2 /* ProfileHost.swift */,
				7D47E26E2B81D1C3006D70A2 /* ProfileSummary.swift */,
				7D47E2722B81D4E7006D70A2 /* ProfileEditor.swift */,
			);
			path = Profile;
			sourceTree = "<group>";
		};
/* End PBXGroup section */

/* Begin PBXNativeTarget section */
		7D47E21E2B7C7B48006D70A2 /* Landmarks */ = {
			isa = PBXNativeTarget;
			buildConfigurationList = 7D47E22D2B7C7B4A006D70A2 /* Build configuration list for PBXNativeTarget "Landmarks" */;
			buildPhases = (
				7D47E21B2B7C7B48006D70A2 /* Sources */,
				7D47E21C2B7C7B48006D70A2 /* Frameworks */,
				7D47E21D2B7C7B48006D70A2 /* Resources */,
			);
			buildRules = (
			);
			dependencies = (
			);
			name = Landmarks;
			productName = Landmarks;
			productReference = 7D47E21F2B7C7B48006D70A2 /* Landmarks.app */;
			productType = "com.apple.product-type.application";
		};
/* End PBXNativeTarget section */

/* Begin PBXProject section */
		7D47E2172B7C7B48006D70A2 /* Project object */ = {
			isa = PBXProject;
			attributes = {
				BuildIndependentTargetsInParallel = 1;
				LastSwiftUpdateCheck = 1520;
				LastUpgradeCheck = 1520;
				TargetAttributes = {
					7D47E21E2B7C7B48006D70A2 = {
						CreatedOnToolsVersion = 15.2;
					};
				};
			};
			buildConfigurationList = 7D47E21A2B7C7B48006D70A2 /* Build configuration list for PBXProject "Landmarks" */;
			compatibilityVersion = "Xcode 14.0";
			developmentRegion = en;
			hasScannedForEncodings = 0;
			knownRegions = (
				en,
				Base,
			);
			mainGroup = 7D47E2162B7C7B48006D70A2;
			productRefGroup = 7D47E2202B7C7B48006D70A2 /* Products */;
			projectDirPath = "";
			projectRoot = "";
			targets = (
				7D47E21E2B7C7B48006D70A2 /* Landmarks */,
			);
		};
/* End PBXProject section */

/* Begin PBXResourcesBuildPhase section */
		7D47E21D2B7C7B48006D70A2 /* Resources */ = {
			isa = PBXResourcesBuildPhase;
			buildActionMask = 2147483647;
			files = (
				7D47E2562B81B818006D70A2 /* hikeData.json in Resources */,
				7D47E22A2B7C7B4A006D70A2 /* Preview Assets.xcassets in Resources */,
				7D47E2272B7C7B4A006D70A2 /* Assets.xcassets in Resources */,
				7D47E2352B807379006D70A2 /* landmarkData.json in Resources */,
			);
			runOnlyForDeploymentPostprocessing = 0;
		};
/* End PBXResourcesBuildPhase section */

/* Begin PBXSourcesBuildPhase section */
		7D47E21B2B7C7B48006D70A2 /* Sources */ = {
			isa = PBXSourcesBuildPhase;
			buildActionMask = 2147483647;
			files = (
				7D47E2582B81B828006D70A2 /* Hike.swift in Sources */,
				7D47E24A2B81B463006D70A2 /* HexagonParameters.swift in Sources */,
				7D47E2252B7C7B48006D70A2 /* ContentView.swift in Sources */,
				7D47E2332B7EC2E9006D70A2 /* MapView.swift in Sources */,
				7D47E2632B81C17E006D70A2 /* CategoryHome.swift in Sources */,
				7D47E26C2B81D152006D70A2 /* ProfileHost.swift in Sources */,
				7D47E2712B81D21D006D70A2 /* HikeBadge.swift in Sources */,
				7D47E25F2B81B882006D70A2 /* HikeGraph.swift in Sources */,
				7D47E2652B81C399006D70A2 /* CategoryRow.swift in Sources */,
				7D47E2232B7C7B48006D70A2 /* LandmarksApp.swift in Sources */,
				7D47E2442B81AB51006D70A2 /* FavoriteButton.swift in Sources */,
				7D47E2402B808411006D70A2 /* LandmarkList.swift in Sources */,
				7D47E26F2B81D1C3006D70A2 /* ProfileSummary.swift in Sources */,
				7D47E2732B81D4E7006D70A2 /* ProfileEditor.swift in Sources */,
				7D47E2672B81C469006D70A2 /* CategoryItem.swift in Sources */,
				7D47E2422B810C49006D70A2 /* LandmarkDetail.swift in Sources */,
				7D47E2312B7EBF69006D70A2 /* CircleImage.swift in Sources */,
				7D47E2502B81B683006D70A2 /* RotatedBadgeSymbol.swift in Sources */,
				7D47E2532B81B6B0006D70A2 /* Badge.swift in Sources */,
				7D47E24C2B81B4FC006D70A2 /* BadgeBackground.swift in Sources */,
				7D47E26A2B81CDC3006D70A2 /* Profile.swift in Sources */,
				7D47E2372B807786006D70A2 /* Landmark.swift in Sources */,
				7D47E24E2B81B634006D70A2 /* BadgeSymol.swift in Sources */,
				7D47E25E2B81B882006D70A2 /* GraphCapsule.swift in Sources */,
				7D47E2612B81B882006D70A2 /* HikeView.swift in Sources */,
				7D47E23E2B8081B2006D70A2 /* LandmarkRow.swift in Sources */,
				7D47E2392B807814006D70A2 /* ModelData.swift in Sources */,
				7D47E2482B81B2F3006D70A2 /* test.swift in Sources */,
				7D47E2602B81B882006D70A2 /* HikeDetail.swift in Sources */,
			);
			runOnlyForDeploymentPostprocessing = 0;
		};
/* End PBXSourcesBuildPhase section */

/* Begin XCBuildConfiguration section */
		7D47E22B2B7C7B4A006D70A2 /* Debug */ = {
			isa = XCBuildConfiguration;
			buildSettings = {
				ALWAYS_SEARCH_USER_PATHS = NO;
				ASSETCATALOG_COMPILER_GENERATE_SWIFT_ASSET_SYMBOL_EXTENSIONS = YES;
				CLANG_ANALYZER_NONNULL = YES;
				CLANG_ANALYZER_NUMBER_OBJECT_CONVERSION = YES_AGGRESSIVE;
				CLANG_CXX_LANGUAGE_STANDARD = "gnu++20";
				CLANG_ENABLE_MODULES = YES;
				CLANG_ENABLE_OBJC_ARC = YES;
				CLANG_ENABLE_OBJC_WEAK = YES;
				CLANG_WARN_BLOCK_CAPTURE_AUTORELEASING = YES;
				CLANG_WARN_BOOL_CONVERSION = YES;
				CLANG_WARN_COMMA = YES;
				CLANG_WARN_CONSTANT_CONVERSION = YES;
				CLANG_WARN_DEPRECATED_OBJC_IMPLEMENTATIONS = YES;
				CLANG_WARN_DIRECT_OBJC_ISA_USAGE = YES_ERROR;
				CLANG_WARN_DOCUMENTATION_COMMENTS = YES;
				CLANG_WARN_EMPTY_BODY = YES;
				CLANG_WARN_ENUM_CONVERSION = YES;
				CLANG_WARN_INFINITE_RECURSION = YES;
				CLANG_WARN_INT_CONVERSION = YES;
				CLANG_WARN_NON_LITERAL_NULL_CONVERSION = YES;
				CLANG_WARN_OBJC_IMPLICIT_RETAIN_SELF = YES;
				CLANG_WARN_OBJC_LITERAL_CONVERSION = YES;
				CLANG_WARN_OBJC_ROOT_CLASS = YES_ERROR;
				CLANG_WARN_QUOTED_INCLUDE_IN_FRAMEWORK_HEADER = YES;
				CLANG_WARN_RANGE_LOOP_ANALYSIS = YES;
				CLANG_WARN_STRICT_PROTOTYPES = YES;
				CLANG_WARN_SUSPICIOUS_MOVE = YES;
				CLANG_WARN_UNGUARDED_AVAILABILITY = YES_AGGRESSIVE;
				CLANG_WARN_UNREACHABLE_CODE = YES;
				CLANG_WARN__DUPLICATE_METHOD_MATCH = YES;
				COPY_PHASE_STRIP = NO;
				DEBUG_INFORMATION_FORMAT = dwarf;
				ENABLE_STRICT_OBJC_MSGSEND = YES;
				ENABLE_TESTABILITY = YES;
				ENABLE_USER_SCRIPT_SANDBOXING = YES;
				GCC_C_LANGUAGE_STANDARD = gnu17;
				GCC_DYNAMIC_NO_PIC = NO;
				GCC_NO_COMMON_BLOCKS = YES;
				GCC_OPTIMIZATION_LEVEL = 0;
				GCC_PREPROCESSOR_DEFINITIONS = (
					"DEBUG=1",
					"$(inherited)",
				);
				GCC_WARN_64_TO_32_BIT_CONVERSION = YES;
				GCC_WARN_ABOUT_RETURN_TYPE = YES_ERROR;
				GCC_WARN_UNDECLARED_SELECTOR = YES;
				GCC_WARN_UNINITIALIZED_AUTOS = YES_AGGRESSIVE;
				GCC_WARN_UNUSED_FUNCTION = YES;
				GCC_WARN_UNUSED_VARIABLE = YES;
				IPHONEOS_DEPLOYMENT_TARGET = 17.2;
				LOCALIZATION_PREFERS_STRING_CATALOGS = YES;
				MTL_ENABLE_DEBUG_INFO = INCLUDE_SOURCE;
				MTL_FAST_MATH = YES;
				ONLY_ACTIVE_ARCH = YES;
				SDKROOT = iphoneos;
				SWIFT_ACTIVE_COMPILATION_CONDITIONS = "DEBUG $(inherited)";
				SWIFT_OPTIMIZATION_LEVEL = "-Onone";
			};
			name = Debug;
		};
		7D47E22C2B7C7B4A006D70A2 /* Release */ = {
			isa = XCBuildConfiguration;
			buildSettings = {
				ALWAYS_SEARCH_USER_PATHS = NO;
				ASSETCATALOG_COMPILER_GENERATE_SWIFT_ASSET_SYMBOL_EXTENSIONS = YES;
				CLANG_ANALYZER_NONNULL = YES;
				CLANG_ANALYZER_NUMBER_OBJECT_CONVERSION = YES_AGGRESSIVE;
				CLANG_CXX_LANGUAGE_STANDARD = "gnu++20";
				CLANG_ENABLE_MODULES = YES;
				CLANG_ENABLE_OBJC_ARC = YES;
				CLANG_ENABLE_OBJC_WEAK = YES;
				CLANG_WARN_BLOCK_CAPTURE_AUTORELEASING = YES;
				CLANG_WARN_BOOL_CONVERSION = YES;
				CLANG_WARN_COMMA = YES;
				CLANG_WARN_CONSTANT_CONVERSION = YES;
				CLANG_WARN_DEPRECATED_OBJC_IMPLEMENTATIONS = YES;
				CLANG_WARN_DIRECT_OBJC_ISA_USAGE = YES_ERROR;
				CLANG_WARN_DOCUMENTATION_COMMENTS = YES;
				CLANG_WARN_EMPTY_BODY = YES;
				CLANG_WARN_ENUM_CONVERSION = YES;
				CLANG_WARN_INFINITE_RECURSION = YES;
				CLANG_WARN_INT_CONVERSION = YES;
				CLANG_WARN_NON_LITERAL_NULL_CONVERSION = YES;
				CLANG_WARN_OBJC_IMPLICIT_RETAIN_SELF = YES;
				CLANG_WARN_OBJC_LITERAL_CONVERSION = YES;
				CLANG_WARN_OBJC_ROOT_CLASS = YES_ERROR;
				CLANG_WARN_QUOTED_INCLUDE_IN_FRAMEWORK_HEADER = YES;
				CLANG_WARN_RANGE_LOOP_ANALYSIS = YES;
				CLANG_WARN_STRICT_PROTOTYPES = YES;
				CLANG_WARN_SUSPICIOUS_MOVE = YES;
				CLANG_WARN_UNGUARDED_AVAILABILITY = YES_AGGRESSIVE;
				CLANG_WARN_UNREACHABLE_CODE = YES;
				CLANG_WARN__DUPLICATE_METHOD_MATCH = YES;
				COPY_PHASE_STRIP = NO;
				DEBUG_INFORMATION_FORMAT = "dwarf-with-dsym";
				ENABLE_NS_ASSERTIONS = NO;
				ENABLE_STRICT_OBJC_MSGSEND = YES;
				ENABLE_USER_SCRIPT_SANDBOXING = YES;
				GCC_C_LANGUAGE_STANDARD = gnu17;
				GCC_NO_COMMON_BLOCKS = YES;
				GCC_WARN_64_TO_32_BIT_CONVERSION = YES;
				GCC_WARN_ABOUT_RETURN_TYPE = YES_ERROR;
				GCC_WARN_UNDECLARED_SELECTOR = YES;
				GCC_WARN_UNINITIALIZED_AUTOS = YES_AGGRESSIVE;
				GCC_WARN_UNUSED_FUNCTION = YES;
				GCC_WARN_UNUSED_VARIABLE = YES;
				IPHONEOS_DEPLOYMENT_TARGET = 17.2;
				LOCALIZATION_PREFERS_STRING_CATALOGS = YES;
				MTL_ENABLE_DEBUG_INFO = NO;
				MTL_FAST_MATH = YES;
				SDKROOT = iphoneos;
				SWIFT_COMPILATION_MODE = wholemodule;
				VALIDATE_PRODUCT = YES;
			};
			name = Release;
		};
		7D47E22E2B7C7B4A006D70A2 /* Debug */ = {
			isa = XCBuildConfiguration;
			buildSettings = {
				ASSETCATALOG_COMPILER_APPICON_NAME = AppIcon;
				ASSETCATALOG_COMPILER_GLOBAL_ACCENT_COLOR_NAME = AccentColor;
				CODE_SIGN_STYLE = Automatic;
				CURRENT_PROJECT_VERSION = 1;
				DEVELOPMENT_ASSET_PATHS = "\"Landmarks/Preview Content\"";
				DEVELOPMENT_TEAM = 6WUHQ8SJFY;
				ENABLE_PREVIEWS = YES;
				GENERATE_INFOPLIST_FILE = YES;
				INFOPLIST_KEY_UIApplicationSceneManifest_Generation = YES;
				INFOPLIST_KEY_UIApplicationSupportsIndirectInputEvents = YES;
				INFOPLIST_KEY_UILaunchScreen_Generation = YES;
				INFOPLIST_KEY_UISupportedInterfaceOrientations_iPad = "UIInterfaceOrientationPortrait UIInterfaceOrientationPortraitUpsideDown UIInterfaceOrientationLandscapeLeft UIInterfaceOrientationLandscapeRight";
				INFOPLIST_KEY_UISupportedInterfaceOrientations_iPhone = "UIInterfaceOrientationPortrait UIInterfaceOrientationLandscapeLeft UIInterfaceOrientationLandscapeRight";
				LD_RUNPATH_SEARCH_PATHS = (
					"$(inherited)",
					"@executable_path/Frameworks",
				);
				MARKETING_VERSION = 1.0;
				PRODUCT_BUNDLE_IDENTIFIER = edu.duke.jl1186.Landmarks;
				PRODUCT_NAME = "$(TARGET_NAME)";
				SWIFT_EMIT_LOC_STRINGS = YES;
				SWIFT_VERSION = 5.0;
				TARGETED_DEVICE_FAMILY = "1,2";
			};
			name = Debug;
		};
		7D47E22F2B7C7B4A006D70A2 /* Release */ = {
			isa = XCBuildConfiguration;
			buildSettings = {
				ASSETCATALOG_COMPILER_APPICON_NAME = AppIcon;
				ASSETCATALOG_COMPILER_GLOBAL_ACCENT_COLOR_NAME = AccentColor;
				CODE_SIGN_STYLE = Automatic;
				CURRENT_PROJECT_VERSION = 1;
				DEVELOPMENT_ASSET_PATHS = "\"Landmarks/Preview Content\"";
				DEVELOPMENT_TEAM = 6WUHQ8SJFY;
				ENABLE_PREVIEWS = YES;
				GENERATE_INFOPLIST_FILE = YES;
				INFOPLIST_KEY_UIApplicationSceneManifest_Generation = YES;
				INFOPLIST_KEY_UIApplicationSupportsIndirectInputEvents = YES;
				INFOPLIST_KEY_UILaunchScreen_Generation = YES;
				INFOPLIST_KEY_UISupportedInterfaceOrientations_iPad = "UIInterfaceOrientationPortrait UIInterfaceOrientationPortraitUpsideDown UIInterfaceOrientationLandscapeLeft UIInterfaceOrientationLandscapeRight";
				INFOPLIST_KEY_UISupportedInterfaceOrientations_iPhone = "UIInterfaceOrientationPortrait UIInterfaceOrientationLandscapeLeft UIInterfaceOrientationLandscapeRight";
				LD_RUNPATH_SEARCH_PATHS = (
					"$(inherited)",
					"@executable_path/Frameworks",
				);
				MARKETING_VERSION = 1.0;
				PRODUCT_BUNDLE_IDENTIFIER = edu.duke.jl1186.Landmarks;
				PRODUCT_NAME = "$(TARGET_NAME)";
				SWIFT_EMIT_LOC_STRINGS = YES;
				SWIFT_VERSION = 5.0;
				TARGETED_DEVICE_FAMILY = "1,2";
			};
			name = Release;
		};
/* End XCBuildConfiguration section */

/* Begin XCConfigurationList section */
		7D47E21A2B7C7B48006D70A2 /* Build configuration list for PBXProject "Landmarks" */ = {
			isa = XCConfigurationList;
			buildConfigurations = (
				7D47E22B2B7C7B4A006D70A2 /* Debug */,
				7D47E22C2B7C7B4A006D70A2 /* Release */,
			);
			defaultConfigurationIsVisible = 0;
			defaultConfigurationName = Release;
		};
		7D47E22D2B7C7B4A006D70A2 /* Build configuration list for PBXNativeTarget "Landmarks" */ = {
			isa = XCConfigurationList;
			buildConfigurations = (
				7D47E22E2B7C7B4A006D70A2 /* Debug */,
				7D47E22F2B7C7B4A006D70A2 /* Release */,
			);
			defaultConfigurationIsVisible = 0;
			defaultConfigurationName = Release;
		};
/* End XCConfigurationList section */
	};
	rootObject = 7D47E2172B7C7B48006D70A2 /* Project object */;
}
