// !$*UTF8*$!
{
	archiveVersion = 1;
	classes = {
	};
	objectVersion = 56;
	objects = {

/* Begin PBXBuildFile section */
		18716F94298B42E60000B884 /* Using_SwiftUIApp.swift in Sources */ = {isa = PBXBuildFile; fileRef = 18716F93298B42E60000B884 /* Using_SwiftUIApp.swift */; };
		18716F96298B42E60000B884 /* ContentView.swift in Sources */ = {isa = PBXBuildFile; fileRef = 18716F95298B42E60000B884 /* ContentView.swift */; };
		18716F98298B42E80000B884 /* Assets.xcassets in Resources */ = {isa = PBXBuildFile; fileRef = 18716F97298B42E80000B884 /* Assets.xcassets */; };
		18716F9B298B42E80000B884 /* Preview Assets.xcassets in Resources */ = {isa = PBXBuildFile; fileRef = 18716F9A298B42E80000B884 /* Preview Assets.xcassets */; };
		18716FA5298B45750000B884 /* ToDoListRow.swift in Sources */ = {isa = PBXBuildFile; fileRef = 18716FA4298B45750000B884 /* ToDoListRow.swift */; };
		18716FA7298B45810000B884 /* TaskEditor.swift in Sources */ = {isa = PBXBuildFile; fileRef = 18716FA6298B45810000B884 /* TaskEditor.swift */; };
		18716FA9298B458A0000B884 /* TaskDetail.swift in Sources */ = {isa = PBXBuildFile; fileRef = 18716FA8298B458A0000B884 /* TaskDetail.swift */; };
		18716FAC298B45A50000B884 /* Checkbox.swift in Sources */ = {isa = PBXBuildFile; fileRef = 18716FAB298B45A50000B884 /* Checkbox.swift */; };
		18716FAF298B45D30000B884 /* Task.swift in Sources */ = {isa = PBXBuildFile; fileRef = 18716FAE298B45D30000B884 /* Task.swift */; };
		18716FB1298B45DC0000B884 /* ModelData.swift in Sources */ = {isa = PBXBuildFile; fileRef = 18716FB0298B45DC0000B884 /* ModelData.swift */; };
/* End PBXBuildFile section */

/* Begin PBXFileReference section */
		18716F90298B42E60000B884 /* Using SwiftUI.app */ = {isa = PBXFileReference; explicitFileType = wrapper.application; includeInIndex = 0; path = "Using SwiftUI.app"; sourceTree = BUILT_PRODUCTS_DIR; };
		18716F93298B42E60000B884 /* Using_SwiftUIApp.swift */ = {isa = PBXFileReference; lastKnownFileType = sourcecode.swift; path = Using_SwiftUIApp.swift; sourceTree = "<group>"; };
		18716F95298B42E60000B884 /* ContentView.swift */ = {isa = PBXFileReference; lastKnownFileType = sourcecode.swift; path = ContentView.swift; sourceTree = "<group>"; };
		18716F97298B42E80000B884 /* Assets.xcassets */ = {isa = PBXFileReference; lastKnownFileType = folder.assetcatalog; path = Assets.xcassets; sourceTree = "<group>"; };
		18716F9A298B42E80000B884 /* Preview Assets.xcassets */ = {isa = PBXFileReference; lastKnownFileType = folder.assetcatalog; path = "Preview Assets.xcassets"; sourceTree = "<group>"; };
		18716FA1298B43080000B884 /* ToDoPlayground.playground */ = {isa = PBXFileReference; lastKnownFileType = file.playground; path = ToDoPlayground.playground; sourceTree = "<group>"; xcLanguageSpecificationIdentifier = xcode.lang.swift; };
		18716FA2298B434A0000B884 /* SwiftUI Overview.playground */ = {isa = PBXFileReference; lastKnownFileType = file.playground; path = "SwiftUI Overview.playground"; sourceTree = "<group>"; xcLanguageSpecificationIdentifier = xcode.lang.swift; };
		18716FA4298B45750000B884 /* ToDoListRow.swift */ = {isa = PBXFileReference; fileEncoding = 4; lastKnownFileType = sourcecode.swift; path = ToDoListRow.swift; sourceTree = "<group>"; };
		18716FA6298B45810000B884 /* TaskEditor.swift */ = {isa = PBXFileReference; fileEncoding = 4; lastKnownFileType = sourcecode.swift; path = TaskEditor.swift; sourceTree = "<group>"; };
		18716FA8298B458A0000B884 /* TaskDetail.swift */ = {isa = PBXFileReference; fileEncoding = 4; lastKnownFileType = sourcecode.swift; path = TaskDetail.swift; sourceTree = "<group>"; };
		18716FAB298B45A50000B884 /* Checkbox.swift */ = {isa = PBXFileReference; fileEncoding = 4; lastKnownFileType = sourcecode.swift; path = Checkbox.swift; sourceTree = "<group>"; };
		18716FAE298B45D30000B884 /* Task.swift */ = {isa = PBXFileReference; fileEncoding = 4; lastKnownFileType = sourcecode.swift; path = Task.swift; sourceTree = "<group>"; };
		18716FB0298B45DC0000B884 /* ModelData.swift */ = {isa = PBXFileReference; fileEncoding = 4; lastKnownFileType = sourcecode.swift; path = ModelData.swift; sourceTree = "<group>"; };
		18716FCC299165210000B884 /* Concepts to Know.playground */ = {isa = PBXFileReference; lastKnownFileType = file.playground; path = "Concepts to Know.playground"; sourceTree = "<group>"; xcLanguageSpecificationIdentifier = xcode.lang.swift; };
/* End PBXFileReference section */

/* Begin PBXFrameworksBuildPhase section */
		18716F8D298B42E60000B884 /* Frameworks */ = {
			isa = PBXFrameworksBuildPhase;
			buildActionMask = 2147483647;
			files = (
			);
			runOnlyForDeploymentPostprocessing = 0;
		};
/* End PBXFrameworksBuildPhase section */

/* Begin PBXGroup section */
		18716F87298B42E60000B884 = {
			isa = PBXGroup;
			children = (
				18716FCC299165210000B884 /* Concepts to Know.playground */,
				18716FA2298B434A0000B884 /* SwiftUI Overview.playground */,
				18716FA1298B43080000B884 /* ToDoPlayground.playground */,
				18716F92298B42E60000B884 /* Using SwiftUI */,
				18716F91298B42E60000B884 /* Products */,
			);
			sourceTree = "<group>";
		};
		18716F91298B42E60000B884 /* Products */ = {
			isa = PBXGroup;
			children = (
				18716F90298B42E60000B884 /* Using SwiftUI.app */,
			);
			name = Products;
			sourceTree = "<group>";
		};
		18716F92298B42E60000B884 /* Using SwiftUI */ = {
			isa = PBXGroup;
			children = (
				18716F93298B42E60000B884 /* Using_SwiftUIApp.swift */,
				18716FAD298B45C90000B884 /* Model */,
				18716FA3298B45530000B884 /* View */,
				18716F97298B42E80000B884 /* Assets.xcassets */,
				18716F99298B42E80000B884 /* Preview Content */,
			);
			path = "Using SwiftUI";
			sourceTree = "<group>";
		};
		18716F99298B42E80000B884 /* Preview Content */ = {
			isa = PBXGroup;
			children = (
				18716F9A298B42E80000B884 /* Preview Assets.xcassets */,
			);
			path = "Preview Content";
			sourceTree = "<group>";
		};
		18716FA3298B45530000B884 /* View */ = {
			isa = PBXGroup;
			children = (
				18716F95298B42E60000B884 /* ContentView.swift */,
				18716FA6298B45810000B884 /* TaskEditor.swift */,
				18716FA8298B458A0000B884 /* TaskDetail.swift */,
				18716FA4298B45750000B884 /* ToDoListRow.swift */,
				18716FAA298B45940000B884 /* Helpers */,
			);
			path = View;
			sourceTree = "<group>";
		};
		18716FAA298B45940000B884 /* Helpers */ = {
			isa = PBXGroup;
			children = (
				18716FAB298B45A50000B884 /* Checkbox.swift */,
			);
			path = Helpers;
			sourceTree = "<group>";
		};
		18716FAD298B45C90000B884 /* Model */ = {
			isa = PBXGroup;
			children = (
				18716FAE298B45D30000B884 /* Task.swift */,
				18716FB0298B45DC0000B884 /* ModelData.swift */,
			);
			path = Model;
			sourceTree = "<group>";
		};
/* End PBXGroup section */

/* Begin PBXNativeTarget section */
		18716F8F298B42E60000B884 /* Using SwiftUI */ = {
			isa = PBXNativeTarget;
			buildConfigurationList = 18716F9E298B42E80000B884 /* Build configuration list for PBXNativeTarget "Using SwiftUI" */;
			buildPhases = (
				18716F8C298B42E60000B884 /* Sources */,
				18716F8D298B42E60000B884 /* Frameworks */,
				18716F8E298B42E60000B884 /* Resources */,
			);
			buildRules = (
			);
			dependencies = (
			);
			name = "Using SwiftUI";
			productName = "Using SwiftUI";
			productReference = 18716F90298B42E60000B884 /* Using SwiftUI.app */;
			productType = "com.apple.product-type.application";
		};
/* End PBXNativeTarget section */

/* Begin PBXProject section */
		18716F88298B42E60000B884 /* Project object */ = {
			isa = PBXProject;
			attributes = {
				BuildIndependentTargetsInParallel = 1;
				LastSwiftUpdateCheck = 1420;
				LastUpgradeCheck = 1420;
				TargetAttributes = {
					18716F8F298B42E60000B884 = {
						CreatedOnToolsVersion = 14.2;
					};
				};
			};
			buildConfigurationList = 18716F8B298B42E60000B884 /* Build configuration list for PBXProject "Using SwiftUI" */;
			compatibilityVersion = "Xcode 14.0";
			developmentRegion = en;
			hasScannedForEncodings = 0;
			knownRegions = (
				en,
				Base,
			);
			mainGroup = 18716F87298B42E60000B884;
			productRefGroup = 18716F91298B42E60000B884 /* Products */;
			projectDirPath = "";
			projectRoot = "";
			targets = (
				18716F8F298B42E60000B884 /* Using SwiftUI */,
			);
		};
/* End PBXProject section */

/* Begin PBXResourcesBuildPhase section */
		18716F8E298B42E60000B884 /* Resources */ = {
			isa = PBXResourcesBuildPhase;
			buildActionMask = 2147483647;
			files = (
				18716F9B298B42E80000B884 /* Preview Assets.xcassets in Resources */,
				18716F98298B42E80000B884 /* Assets.xcassets in Resources */,
			);
			runOnlyForDeploymentPostprocessing = 0;
		};
/* End PBXResourcesBuildPhase section */

/* Begin PBXSourcesBuildPhase section */
		18716F8C298B42E60000B884 /* Sources */ = {
			isa = PBXSourcesBuildPhase;
			buildActionMask = 2147483647;
			files = (
				18716F96298B42E60000B884 /* ContentView.swift in Sources */,
				18716FA9298B458A0000B884 /* TaskDetail.swift in Sources */,
				18716FAC298B45A50000B884 /* Checkbox.swift in Sources */,
				18716FA7298B45810000B884 /* TaskEditor.swift in Sources */,
				18716FA5298B45750000B884 /* ToDoListRow.swift in Sources */,
				18716FB1298B45DC0000B884 /* ModelData.swift in Sources */,
				18716FAF298B45D30000B884 /* Task.swift in Sources */,
				18716F94298B42E60000B884 /* Using_SwiftUIApp.swift in Sources */,
			);
			runOnlyForDeploymentPostprocessing = 0;
		};
/* End PBXSourcesBuildPhase section */

/* Begin XCBuildConfiguration section */
		18716F9C298B42E80000B884 /* Debug */ = {
			isa = XCBuildConfiguration;
			buildSettings = {
				ALWAYS_SEARCH_USER_PATHS = NO;
				CLANG_ANALYZER_NONNULL = YES;
				CLANG_ANALYZER_NUMBER_OBJECT_CONVERSION = YES_AGGRESSIVE;
				CLANG_CXX_LANGUAGE_STANDARD = "gnu++20";
				CLANG_ENABLE_MODULES = YES;
				CLANG_ENABLE_OBJC_ARC = YES;
				CLANG_ENABLE_OBJC_WEAK = YES;
				CLANG_WARN_BLOCK_CAPTURE_AUTORELEASING = YES;
				CLANG_WARN_BOOL_CONVERSION = YES;
				CLANG_WARN_COMMA = YES;
				CLANG_WARN_CONSTANT_CONVERSION = YES;
				CLANG_WARN_DEPRECATED_OBJC_IMPLEMENTATIONS = YES;
				CLANG_WARN_DIRECT_OBJC_ISA_USAGE = YES_ERROR;
				CLANG_WARN_DOCUMENTATION_COMMENTS = YES;
				CLANG_WARN_EMPTY_BODY = YES;
				CLANG_WARN_ENUM_CONVERSION = YES;
				CLANG_WARN_INFINITE_RECURSION = YES;
				CLANG_WARN_INT_CONVERSION = YES;
				CLANG_WARN_NON_LITERAL_NULL_CONVERSION = YES;
				CLANG_WARN_OBJC_IMPLICIT_RETAIN_SELF = YES;
				CLANG_WARN_OBJC_LITERAL_CONVERSION = YES;
				CLANG_WARN_OBJC_ROOT_CLASS = YES_ERROR;
				CLANG_WARN_QUOTED_INCLUDE_IN_FRAMEWORK_HEADER = YES;
				CLANG_WARN_RANGE_LOOP_ANALYSIS = YES;
				CLANG_WARN_STRICT_PROTOTYPES = YES;
				CLANG_WARN_SUSPICIOUS_MOVE = YES;
				CLANG_WARN_UNGUARDED_AVAILABILITY = YES_AGGRESSIVE;
				CLANG_WARN_UNREACHABLE_CODE = YES;
				CLANG_WARN__DUPLICATE_METHOD_MATCH = YES;
				COPY_PHASE_STRIP = NO;
				DEBUG_INFORMATION_FORMAT = dwarf;
				ENABLE_STRICT_OBJC_MSGSEND = YES;
				ENABLE_TESTABILITY = YES;
				GCC_C_LANGUAGE_STANDARD = gnu11;
				GCC_DYNAMIC_NO_PIC = NO;
				GCC_NO_COMMON_BLOCKS = YES;
				GCC_OPTIMIZATION_LEVEL = 0;
				GCC_PREPROCESSOR_DEFINITIONS = (
					"DEBUG=1",
					"$(inherited)",
				);
				GCC_WARN_64_TO_32_BIT_CONVERSION = YES;
				GCC_WARN_ABOUT_RETURN_TYPE = YES_ERROR;
				GCC_WARN_UNDECLARED_SELECTOR = YES;
				GCC_WARN_UNINITIALIZED_AUTOS = YES_AGGRESSIVE;
				GCC_WARN_UNUSED_FUNCTION = YES;
				GCC_WARN_UNUSED_VARIABLE = YES;
				IPHONEOS_DEPLOYMENT_TARGET = 16.2;
				MTL_ENABLE_DEBUG_INFO = INCLUDE_SOURCE;
				MTL_FAST_MATH = YES;
				ONLY_ACTIVE_ARCH = YES;
				SDKROOT = iphoneos;
				SWIFT_ACTIVE_COMPILATION_CONDITIONS = DEBUG;
				SWIFT_OPTIMIZATION_LEVEL = "-Onone";
			};
			name = Debug;
		};
		18716F9D298B42E80000B884 /* Release */ = {
			isa = XCBuildConfiguration;
			buildSettings = {
				ALWAYS_SEARCH_USER_PATHS = NO;
				CLANG_ANALYZER_NONNULL = YES;
				CLANG_ANALYZER_NUMBER_OBJECT_CONVERSION = YES_AGGRESSIVE;
				CLANG_CXX_LANGUAGE_STANDARD = "gnu++20";
				CLANG_ENABLE_MODULES = YES;
				CLANG_ENABLE_OBJC_ARC = YES;
				CLANG_ENABLE_OBJC_WEAK = YES;
				CLANG_WARN_BLOCK_CAPTURE_AUTORELEASING = YES;
				CLANG_WARN_BOOL_CONVERSION = YES;
				CLANG_WARN_COMMA = YES;
				CLANG_WARN_CONSTANT_CONVERSION = YES;
				CLANG_WARN_DEPRECATED_OBJC_IMPLEMENTATIONS = YES;
				CLANG_WARN_DIRECT_OBJC_ISA_USAGE = YES_ERROR;
				CLANG_WARN_DOCUMENTATION_COMMENTS = YES;
				CLANG_WARN_EMPTY_BODY = YES;
				CLANG_WARN_ENUM_CONVERSION = YES;
				CLANG_WARN_INFINITE_RECURSION = YES;
				CLANG_WARN_INT_CONVERSION = YES;
				CLANG_WARN_NON_LITERAL_NULL_CONVERSION = YES;
				CLANG_WARN_OBJC_IMPLICIT_RETAIN_SELF = YES;
				CLANG_WARN_OBJC_LITERAL_CONVERSION = YES;
				CLANG_WARN_OBJC_ROOT_CLASS = YES_ERROR;
				CLANG_WARN_QUOTED_INCLUDE_IN_FRAMEWORK_HEADER = YES;
				CLANG_WARN_RANGE_LOOP_ANALYSIS = YES;
				CLANG_WARN_STRICT_PROTOTYPES = YES;
				CLANG_WARN_SUSPICIOUS_MOVE = YES;
				CLANG_WARN_UNGUARDED_AVAILABILITY = YES_AGGRESSIVE;
				CLANG_WARN_UNREACHABLE_CODE = YES;
				CLANG_WARN__DUPLICATE_METHOD_MATCH = YES;
				COPY_PHASE_STRIP = NO;
				DEBUG_INFORMATION_FORMAT = "dwarf-with-dsym";
				ENABLE_NS_ASSERTIONS = NO;
				ENABLE_STRICT_OBJC_MSGSEND = YES;
				GCC_C_LANGUAGE_STANDARD = gnu11;
				GCC_NO_COMMON_BLOCKS = YES;
				GCC_WARN_64_TO_32_BIT_CONVERSION = YES;
				GCC_WARN_ABOUT_RETURN_TYPE = YES_ERROR;
				GCC_WARN_UNDECLARED_SELECTOR = YES;
				GCC_WARN_UNINITIALIZED_AUTOS = YES_AGGRESSIVE;
				GCC_WARN_UNUSED_FUNCTION = YES;
				GCC_WARN_UNUSED_VARIABLE = YES;
				IPHONEOS_DEPLOYMENT_TARGET = 16.2;
				MTL_ENABLE_DEBUG_INFO = NO;
				MTL_FAST_MATH = YES;
				SDKROOT = iphoneos;
				SWIFT_COMPILATION_MODE = wholemodule;
				SWIFT_OPTIMIZATION_LEVEL = "-O";
				VALIDATE_PRODUCT = YES;
			};
			name = Release;
		};
		18716F9F298B42E80000B884 /* Debug */ = {
			isa = XCBuildConfiguration;
			buildSettings = {
				ASSETCATALOG_COMPILER_APPICON_NAME = AppIcon;
				ASSETCATALOG_COMPILER_GLOBAL_ACCENT_COLOR_NAME = AccentColor;
				CODE_SIGN_STYLE = Automatic;
				CURRENT_PROJECT_VERSION = 1;
				DEVELOPMENT_ASSET_PATHS = "\"Using SwiftUI/Preview Content\"";
				ENABLE_PREVIEWS = YES;
				GENERATE_INFOPLIST_FILE = YES;
				INFOPLIST_KEY_UIApplicationSceneManifest_Generation = YES;
				INFOPLIST_KEY_UIApplicationSupportsIndirectInputEvents = YES;
				INFOPLIST_KEY_UILaunchScreen_Generation = YES;
				INFOPLIST_KEY_UISupportedInterfaceOrientations_iPad = "UIInterfaceOrientationPortrait UIInterfaceOrientationPortraitUpsideDown UIInterfaceOrientationLandscapeLeft UIInterfaceOrientationLandscapeRight";
				INFOPLIST_KEY_UISupportedInterfaceOrientations_iPhone = "UIInterfaceOrientationPortrait UIInterfaceOrientationLandscapeLeft UIInterfaceOrientationLandscapeRight";
				LD_RUNPATH_SEARCH_PATHS = (
					"$(inherited)",
					"@executable_path/Frameworks",
				);
				MARKETING_VERSION = 1.0;
				PRODUCT_BUNDLE_IDENTIFIER = "edu.duke.rt113.Using-SwiftUI";
				PRODUCT_NAME = "$(TARGET_NAME)";
				SWIFT_EMIT_LOC_STRINGS = YES;
				SWIFT_VERSION = 5.0;
				TARGETED_DEVICE_FAMILY = "1,2";
			};
			name = Debug;
		};
		18716FA0298B42E80000B884 /* Release */ = {
			isa = XCBuildConfiguration;
			buildSettings = {
				ASSETCATALOG_COMPILER_APPICON_NAME = AppIcon;
				ASSETCATALOG_COMPILER_GLOBAL_ACCENT_COLOR_NAME = AccentColor;
				CODE_SIGN_STYLE = Automatic;
				CURRENT_PROJECT_VERSION = 1;
				DEVELOPMENT_ASSET_PATHS = "\"Using SwiftUI/Preview Content\"";
				ENABLE_PREVIEWS = YES;
				GENERATE_INFOPLIST_FILE = YES;
				INFOPLIST_KEY_UIApplicationSceneManifest_Generation = YES;
				INFOPLIST_KEY_UIApplicationSupportsIndirectInputEvents = YES;
				INFOPLIST_KEY_UILaunchScreen_Generation = YES;
				INFOPLIST_KEY_UISupportedInterfaceOrientations_iPad = "UIInterfaceOrientationPortrait UIInterfaceOrientationPortraitUpsideDown UIInterfaceOrientationLandscapeLeft UIInterfaceOrientationLandscapeRight";
				INFOPLIST_KEY_UISupportedInterfaceOrientations_iPhone = "UIInterfaceOrientationPortrait UIInterfaceOrientationLandscapeLeft UIInterfaceOrientationLandscapeRight";
				LD_RUNPATH_SEARCH_PATHS = (
					"$(inherited)",
					"@executable_path/Frameworks",
				);
				MARKETING_VERSION = 1.0;
				PRODUCT_BUNDLE_IDENTIFIER = "edu.duke.rt113.Using-SwiftUI";
				PRODUCT_NAME = "$(TARGET_NAME)";
				SWIFT_EMIT_LOC_STRINGS = YES;
				SWIFT_VERSION = 5.0;
				TARGETED_DEVICE_FAMILY = "1,2";
			};
			name = Release;
		};
/* End XCBuildConfiguration section */

/* Begin XCConfigurationList section */
		18716F8B298B42E60000B884 /* Build configuration list for PBXProject "Using SwiftUI" */ = {
			isa = XCConfigurationList;
			buildConfigurations = (
				18716F9C298B42E80000B884 /* Debug */,
				18716F9D298B42E80000B884 /* Release */,
			);
			defaultConfigurationIsVisible = 0;
			defaultConfigurationName = Release;
		};
		18716F9E298B42E80000B884 /* Build configuration list for PBXNativeTarget "Using SwiftUI" */ = {
			isa = XCConfigurationList;
			buildConfigurations = (
				18716F9F298B42E80000B884 /* Debug */,
				18716FA0298B42E80000B884 /* Release */,
			);
			defaultConfigurationIsVisible = 0;
			defaultConfigurationName = Release;
		};
/* End XCConfigurationList section */
	};
	rootObject = 18716F88298B42E60000B884 /* Project object */;
}
